
Microsoft Visual Studio Solution File, Format Version 12.00
# Visual Studio Version 17
VisualStudioVersion = 17.9.34728.123
MinimumVisualStudioVersion = 10.0.40219.1
Project("{9A19103F-16F7-4668-BE54-9A1E7A4F7556}") = "TestCalculator", "TestCalculator\TestCalculator.csproj", "{C36B2B75-9E1F-44C1-ACF3-007F3EC76F4E}"
EndProject
Project("{FAE04EC0-301F-11D3-BF4B-00C04F79EFBC}") = "CalcTest", "CalcTest\CalcTest.csproj", "{5F99AA66-85C2-4DD8-8CAC-91417BDB1B48}"
EndProject
Global
	GlobalSection(SolutionConfigurationPlatforms) = preSolution
		Debug|Any CPU = Debug|Any CPU
		Release|Any CPU = Release|Any CPU
	EndGlobalSection
	GlobalSection(ProjectConfigurationPlatforms) = postSolution
		{C36B2B75-9E1F-44C1-ACF3-007F3EC76F4E}.Debug|Any CPU.ActiveCfg = Debug|Any CPU
		{C36B2B75-9E1F-44C1-ACF3-007F3EC76F4E}.Debug|Any CPU.Build.0 = Debug|Any CPU
		{C36B2B75-9E1F-44C1-ACF3-007F3EC76F4E}.Release|Any CPU.ActiveCfg = Release|Any CPU
		{C36B2B75-9E1F-44C1-ACF3-007F3EC76F4E}.Release|Any CPU.Build.0 = Release|Any CPU
		{5F99AA66-85C2-4DD8-8CAC-91417BDB1B48}.Debug|Any CPU.ActiveCfg = Debug|Any CPU
		{5F99AA66-85C2-4DD8-8CAC-91417BDB1B48}.Debug|Any CPU.Build.0 = Debug|Any CPU
		{5F99AA66-85C2-4DD8-8CAC-91417BDB1B48}.Release|Any CPU.ActiveCfg = Release|Any CPU
		{5F99AA66-85C2-4DD8-8CAC-91417BDB1B48}.Release|Any CPU.Build.0 = Release|Any CPU
	EndGlobalSection
	GlobalSection(SolutionProperties) = preSolution
		HideSolutionNode = FALSE
	EndGlobalSection
	GlobalSection(ExtensibilityGlobals) = postSolution
		SolutionGuid = {3EEE7BD0-5DA9-4754-9624-9C2C02349D47}
	EndGlobalSection
EndGlobal
